# This file is autogenerated, do not edit; changes may be undone by the next 'dep ensure'.


[[projects]]
  branch = "master"
  name = "github.com/apex/log"
  packages = ["."]
  revision = "ff0f66940b829dc66c81dad34746d4349b83eb9e"

[[projects]]
  name = "github.com/davecgh/go-spew"
  packages = ["spew"]
  revision = "346938d642f2ec3594ed81d874461961cd0faa76"
  version = "v1.1.0"

[[projects]]
  name = "github.com/go-redis/redis"
  packages = [".","internal","internal/consistenthash","internal/hashtag","internal/pool","internal/proto","internal/singleflight","internal/util"]
  revision = "1614e579ed966441b8e0c3ccea1dd0fbbd93a6ae"
  version = "v6.14.0"

[[projects]]
  branch = "master"
  name = "github.com/justinas/nosurf"
  packages = ["."]
  revision = "7182011986c42c33f0a79fd4b07e41edc784532b"

[[projects]]
  name = "github.com/pkg/errors"
  packages = ["."]
  revision = "645ef00459ed84a119197bfb8d8205042c6df63d"
  version = "v0.8.0"

[[projects]]
  name = "github.com/pmezard/go-difflib"
  packages = ["difflib"]
  revision = "792786c7400a136282c1664665ae0a8db921c6c2"
  version = "v1.0.0"

[[projects]]
  name = "github.com/stretchr/testify"
  packages = ["assert"]
  revision = "f35b8ab0b5a2cef36673838d662e249dd9c94686"
  version = "v1.2.2"

[solve-meta]
  analyzer-name = "dep"
  analyzer-version = 1
  inputs-digest = "b7f53594c872fea2b223568c41e4865421af3a3d8c340d437a38752d45583016"
  solver-name = "gps-cdcl"
  solver-version = 1
